{
  "requires": true,
  "lockfileVersion": 1,
  "dependencies": {
    "reactjs-popup": {
      "version": "1.1.1",
      "resolved": "https://registry.npmjs.org/reactjs-popup/-/reactjs-popup-1.1.1.tgz",
      "integrity": "sha512-K07ioLdQkRvASqTCQdue1EwG0uYES5caXuxg2X63vcRXP2t9e6HGhGlC4CqOMlIdrxT/UwAC0nVnBzQ6Yky14g=="
    }
  }
}
