
Microsoft Visual Studio Solution File, Format Version 12.00
# Visual Studio 15
VisualStudioVersion = 15.0.27703.2026
MinimumVisualStudioVersion = 10.0.40219.1
Project("{FAE04EC0-301F-11D3-BF4B-00C04F79EFBC}") = "TwoCS.TimeTracker.WebApp", "TwoCS.TimeTracker.WebApp\TwoCS.TimeTracker.WebApp.csproj", "{985E4824-5E62-459B-B1E1-413D86AAB1DF}"
EndProject
Global
	GlobalSection(SolutionConfigurationPlatforms) = preSolution
		Debug|Any CPU = Debug|Any CPU
		Release|Any CPU = Release|Any CPU
	EndGlobalSection
	GlobalSection(ProjectConfigurationPlatforms) = postSolution
		{985E4824-5E62-459B-B1E1-413D86AAB1DF}.Debug|Any CPU.ActiveCfg = Debug|Any CPU
		{985E4824-5E62-459B-B1E1-413D86AAB1DF}.Debug|Any CPU.Build.0 = Debug|Any CPU
		{985E4824-5E62-459B-B1E1-413D86AAB1DF}.Release|Any CPU.ActiveCfg = Release|Any CPU
		{985E4824-5E62-459B-B1E1-413D86AAB1DF}.Release|Any CPU.Build.0 = Release|Any CPU
	EndGlobalSection
	GlobalSection(SolutionProperties) = preSolution
		HideSolutionNode = FALSE
	EndGlobalSection
	GlobalSection(ExtensibilityGlobals) = postSolution
		SolutionGuid = {F73EB00F-8C74-4163-BC81-5FBBEDAD641A}
	EndGlobalSection
EndGlobal
