
Microsoft Visual Studio Solution File, Format Version 12.00
# Visual Studio 15
VisualStudioVersion = 15.0.27703.2026
MinimumVisualStudioVersion = 10.0.40219.1
Project("{9A19103F-16F7-4668-BE54-9A1E7A4F7556}") = "TwoCS.TimeTracker.WebApp", "TwoCS.TimeTracker.WebApp\TwoCS.TimeTracker.WebApp.csproj", "{985E4824-5E62-459B-B1E1-413D86AAB1DF}"
EndProject
Project("{9A19103F-16F7-4668-BE54-9A1E7A4F7556}") = "TwoCS.TimeTracker.Authorization", "TwoCS.TimeTracker.Authorization\TwoCS.TimeTracker.Authorization.csproj", "{7A5B978D-A26C-44A9-BD84-D739E06CF410}"
EndProject
Project("{2150E333-8FDC-42A3-9474-1A3956D46DE8}") = "Presentation", "Presentation", "{C696CB30-A056-46C3-AF68-54BE25E3D29C}"
EndProject
Project("{2150E333-8FDC-42A3-9474-1A3956D46DE8}") = "Bussiness", "Bussiness", "{03259918-4D4D-42E0-A76E-5ADBC2A6ED95}"
EndProject
Project("{2150E333-8FDC-42A3-9474-1A3956D46DE8}") = "Data", "Data", "{3FFF4B72-AAE4-4546-8925-D5A35F9A064D}"
EndProject
Project("{2150E333-8FDC-42A3-9474-1A3956D46DE8}") = "Core", "Core", "{FBC805F1-CA49-442C-B7C8-3631119A0291}"
EndProject
Project("{9A19103F-16F7-4668-BE54-9A1E7A4F7556}") = "TwoCS.TimeTracker.Dto", "TwoCS.TimeTracker.Dto\TwoCS.TimeTracker.Dto.csproj", "{7F45C1BE-9B60-40CC-9F29-034986F049CD}"
EndProject
Project("{9A19103F-16F7-4668-BE54-9A1E7A4F7556}") = "TwoCS.TimeTracker.Core", "TwoCS.TimeTracker.Core\TwoCS.TimeTracker.Core.csproj", "{9517718F-F9D1-4D08-902D-A71FD50E0313}"
EndProject
Project("{9A19103F-16F7-4668-BE54-9A1E7A4F7556}") = "TwoCS.TimeTracker.Data", "TwoCS.TimeTracker.Storage\TwoCS.TimeTracker.Data.csproj", "{60FB44F3-4EF5-4E4C-A3E9-1128B10216D7}"
EndProject
Project("{9A19103F-16F7-4668-BE54-9A1E7A4F7556}") = "TwoCS.TimeTracker.Service", "TwoCS.TimeTracker.Service\TwoCS.TimeTracker.Service.csproj", "{EC4AC413-5064-4A8F-B950-F0C0EE508937}"
EndProject
Project("{2150E333-8FDC-42A3-9474-1A3956D46DE8}") = "Test", "Test", "{002E1324-4CB4-4FF2-950A-90B7A3AC6A9D}"
EndProject
Project("{9A19103F-16F7-4668-BE54-9A1E7A4F7556}") = "TwoCS.TimeTracker.XUnitTest", "TwoCS.TimeTracker.XUnitTest\TwoCS.TimeTracker.XUnitTest.csproj", "{E7225780-D8B7-483B-9446-5D8F36D47C0D}"
EndProject
Project("{9A19103F-16F7-4668-BE54-9A1E7A4F7556}") = "TwoCS.TimeTracker.WebApi", "TwoCS.TimeTracker.WebApi\TwoCS.TimeTracker.WebApi.csproj", "{F9F8B7AC-7F66-42B6-9EAF-77C8145D1001}"
EndProject
Project("{9A19103F-16F7-4668-BE54-9A1E7A4F7556}") = "TwoCS.TimeTracker.Mapper", "TwoCS.TimeTracker.Mapper\TwoCS.TimeTracker.Mapper.csproj", "{17BFB5EE-6926-4840-AB56-E3C47E7BDF97}"
EndProject
Project("{9A19103F-16F7-4668-BE54-9A1E7A4F7556}") = "TwoCS.TimeTracker.Domain", "TwoCS.TimeTracker.Domain\TwoCS.TimeTracker.Domain.csproj", "{1E52B3EE-4F79-4D10-9F63-A335E86F3B53}"
EndProject
Global
	GlobalSection(SolutionConfigurationPlatforms) = preSolution
		Debug|Any CPU = Debug|Any CPU
		Release|Any CPU = Release|Any CPU
	EndGlobalSection
	GlobalSection(ProjectConfigurationPlatforms) = postSolution
		{985E4824-5E62-459B-B1E1-413D86AAB1DF}.Debug|Any CPU.ActiveCfg = Debug|Any CPU
		{985E4824-5E62-459B-B1E1-413D86AAB1DF}.Debug|Any CPU.Build.0 = Debug|Any CPU
		{985E4824-5E62-459B-B1E1-413D86AAB1DF}.Release|Any CPU.ActiveCfg = Release|Any CPU
		{985E4824-5E62-459B-B1E1-413D86AAB1DF}.Release|Any CPU.Build.0 = Release|Any CPU
		{7A5B978D-A26C-44A9-BD84-D739E06CF410}.Debug|Any CPU.ActiveCfg = Debug|Any CPU
		{7A5B978D-A26C-44A9-BD84-D739E06CF410}.Debug|Any CPU.Build.0 = Debug|Any CPU
		{7A5B978D-A26C-44A9-BD84-D739E06CF410}.Release|Any CPU.ActiveCfg = Release|Any CPU
		{7A5B978D-A26C-44A9-BD84-D739E06CF410}.Release|Any CPU.Build.0 = Release|Any CPU
		{7F45C1BE-9B60-40CC-9F29-034986F049CD}.Debug|Any CPU.ActiveCfg = Debug|Any CPU
		{7F45C1BE-9B60-40CC-9F29-034986F049CD}.Debug|Any CPU.Build.0 = Debug|Any CPU
		{7F45C1BE-9B60-40CC-9F29-034986F049CD}.Release|Any CPU.ActiveCfg = Release|Any CPU
		{7F45C1BE-9B60-40CC-9F29-034986F049CD}.Release|Any CPU.Build.0 = Release|Any CPU
		{9517718F-F9D1-4D08-902D-A71FD50E0313}.Debug|Any CPU.ActiveCfg = Debug|Any CPU
		{9517718F-F9D1-4D08-902D-A71FD50E0313}.Debug|Any CPU.Build.0 = Debug|Any CPU
		{9517718F-F9D1-4D08-902D-A71FD50E0313}.Release|Any CPU.ActiveCfg = Release|Any CPU
		{9517718F-F9D1-4D08-902D-A71FD50E0313}.Release|Any CPU.Build.0 = Release|Any CPU
		{60FB44F3-4EF5-4E4C-A3E9-1128B10216D7}.Debug|Any CPU.ActiveCfg = Debug|Any CPU
		{60FB44F3-4EF5-4E4C-A3E9-1128B10216D7}.Debug|Any CPU.Build.0 = Debug|Any CPU
		{60FB44F3-4EF5-4E4C-A3E9-1128B10216D7}.Release|Any CPU.ActiveCfg = Release|Any CPU
		{60FB44F3-4EF5-4E4C-A3E9-1128B10216D7}.Release|Any CPU.Build.0 = Release|Any CPU
		{EC4AC413-5064-4A8F-B950-F0C0EE508937}.Debug|Any CPU.ActiveCfg = Debug|Any CPU
		{EC4AC413-5064-4A8F-B950-F0C0EE508937}.Debug|Any CPU.Build.0 = Debug|Any CPU
		{EC4AC413-5064-4A8F-B950-F0C0EE508937}.Release|Any CPU.ActiveCfg = Release|Any CPU
		{EC4AC413-5064-4A8F-B950-F0C0EE508937}.Release|Any CPU.Build.0 = Release|Any CPU
		{E7225780-D8B7-483B-9446-5D8F36D47C0D}.Debug|Any CPU.ActiveCfg = Debug|Any CPU
		{E7225780-D8B7-483B-9446-5D8F36D47C0D}.Debug|Any CPU.Build.0 = Debug|Any CPU
		{E7225780-D8B7-483B-9446-5D8F36D47C0D}.Release|Any CPU.ActiveCfg = Release|Any CPU
		{E7225780-D8B7-483B-9446-5D8F36D47C0D}.Release|Any CPU.Build.0 = Release|Any CPU
		{F9F8B7AC-7F66-42B6-9EAF-77C8145D1001}.Debug|Any CPU.ActiveCfg = Debug|Any CPU
		{F9F8B7AC-7F66-42B6-9EAF-77C8145D1001}.Debug|Any CPU.Build.0 = Debug|Any CPU
		{F9F8B7AC-7F66-42B6-9EAF-77C8145D1001}.Release|Any CPU.ActiveCfg = Release|Any CPU
		{F9F8B7AC-7F66-42B6-9EAF-77C8145D1001}.Release|Any CPU.Build.0 = Release|Any CPU
		{17BFB5EE-6926-4840-AB56-E3C47E7BDF97}.Debug|Any CPU.ActiveCfg = Debug|Any CPU
		{17BFB5EE-6926-4840-AB56-E3C47E7BDF97}.Debug|Any CPU.Build.0 = Debug|Any CPU
		{17BFB5EE-6926-4840-AB56-E3C47E7BDF97}.Release|Any CPU.ActiveCfg = Release|Any CPU
		{17BFB5EE-6926-4840-AB56-E3C47E7BDF97}.Release|Any CPU.Build.0 = Release|Any CPU
		{1E52B3EE-4F79-4D10-9F63-A335E86F3B53}.Debug|Any CPU.ActiveCfg = Debug|Any CPU
		{1E52B3EE-4F79-4D10-9F63-A335E86F3B53}.Debug|Any CPU.Build.0 = Debug|Any CPU
		{1E52B3EE-4F79-4D10-9F63-A335E86F3B53}.Release|Any CPU.ActiveCfg = Release|Any CPU
		{1E52B3EE-4F79-4D10-9F63-A335E86F3B53}.Release|Any CPU.Build.0 = Release|Any CPU
	EndGlobalSection
	GlobalSection(SolutionProperties) = preSolution
		HideSolutionNode = FALSE
	EndGlobalSection
	GlobalSection(NestedProjects) = preSolution
		{985E4824-5E62-459B-B1E1-413D86AAB1DF} = {C696CB30-A056-46C3-AF68-54BE25E3D29C}
		{7A5B978D-A26C-44A9-BD84-D739E06CF410} = {FBC805F1-CA49-442C-B7C8-3631119A0291}
		{7F45C1BE-9B60-40CC-9F29-034986F049CD} = {C696CB30-A056-46C3-AF68-54BE25E3D29C}
		{9517718F-F9D1-4D08-902D-A71FD50E0313} = {FBC805F1-CA49-442C-B7C8-3631119A0291}
		{60FB44F3-4EF5-4E4C-A3E9-1128B10216D7} = {3FFF4B72-AAE4-4546-8925-D5A35F9A064D}
		{EC4AC413-5064-4A8F-B950-F0C0EE508937} = {03259918-4D4D-42E0-A76E-5ADBC2A6ED95}
		{E7225780-D8B7-483B-9446-5D8F36D47C0D} = {002E1324-4CB4-4FF2-950A-90B7A3AC6A9D}
		{F9F8B7AC-7F66-42B6-9EAF-77C8145D1001} = {FBC805F1-CA49-442C-B7C8-3631119A0291}
		{17BFB5EE-6926-4840-AB56-E3C47E7BDF97} = {03259918-4D4D-42E0-A76E-5ADBC2A6ED95}
		{1E52B3EE-4F79-4D10-9F63-A335E86F3B53} = {FBC805F1-CA49-442C-B7C8-3631119A0291}
	EndGlobalSection
	GlobalSection(ExtensibilityGlobals) = postSolution
		SolutionGuid = {F73EB00F-8C74-4163-BC81-5FBBEDAD641A}
	EndGlobalSection
EndGlobal
